
Microsoft Visual Studio Solution File, Format Version 12.00
# Visual Studio Version 17
VisualStudioVersion = 17.9.34728.123
MinimumVisualStudioVersion = 10.0.40219.1
Project("{8BC9CEB8-8B4A-11D0-8D11-00A0C91BC942}") = "Q3a.c", "Q3a.c\Q3a.c.vcxproj", "{17A8630C-60AB-445C-8CC2-3FDDEACDEC29}"
EndProject
Global
	GlobalSection(SolutionConfigurationPlatforms) = preSolution
		Debug|x64 = Debug|x64
		Debug|x86 = Debug|x86
		Release|x64 = Release|x64
		Release|x86 = Release|x86
	EndGlobalSection
	GlobalSection(ProjectConfigurationPlatforms) = postSolution
		{17A8630C-60AB-445C-8CC2-3FDDEACDEC29}.Debug|x64.ActiveCfg = Debug|x64
		{17A8630C-60AB-445C-8CC2-3FDDEACDEC29}.Debug|x64.Build.0 = Debug|x64
		{17A8630C-60AB-445C-8CC2-3FDDEACDEC29}.Debug|x86.ActiveCfg = Debug|Win32
		{17A8630C-60AB-445C-8CC2-3FDDEACDEC29}.Debug|x86.Build.0 = Debug|Win32
		{17A8630C-60AB-445C-8CC2-3FDDEACDEC29}.Release|x64.ActiveCfg = Release|x64
		{17A8630C-60AB-445C-8CC2-3FDDEACDEC29}.Release|x64.Build.0 = Release|x64
		{17A8630C-60AB-445C-8CC2-3FDDEACDEC29}.Release|x86.ActiveCfg = Release|Win32
		{17A8630C-60AB-445C-8CC2-3FDDEACDEC29}.Release|x86.Build.0 = Release|Win32
	EndGlobalSection
	GlobalSection(SolutionProperties) = preSolution
		HideSolutionNode = FALSE
	EndGlobalSection
	GlobalSection(ExtensibilityGlobals) = postSolution
		SolutionGuid = {FAD802AA-0466-45F1-A701-3F9DB378D00D}
	EndGlobalSection
EndGlobal
